
Microsoft Visual Studio Solution File, Format Version 12.00
# Visual Studio 15
VisualStudioVersion = 15.0.27703.2042
MinimumVisualStudioVersion = 10.0.40219.1
Project("{FAE04EC0-301F-11D3-BF4B-00C04F79EFBC}") = "MediaLan", "MediaLan\MediaLan.csproj", "{3C9180D0-A9DC-49B4-874D-02C1C7C5BE41}"
EndProject
Project("{FAE04EC0-301F-11D3-BF4B-00C04F79EFBC}") = "ConsoleApp", "ConsoleApp\ConsoleApp.csproj", "{BADCD023-96EC-4443-98C8-9AA401F2CFBF}"
EndProject
Project("{FAE04EC0-301F-11D3-BF4B-00C04F79EFBC}") = "Media Manager", "Media Manager\Media Manager.csproj", "{00749FF5-2DA1-401C-B828-DB2CBFD48E06}"
EndProject
Global
	GlobalSection(SolutionConfigurationPlatforms) = preSolution
		Debug|Any CPU = Debug|Any CPU
		Release|Any CPU = Release|Any CPU
	EndGlobalSection
	GlobalSection(ProjectConfigurationPlatforms) = postSolution
		{3C9180D0-A9DC-49B4-874D-02C1C7C5BE41}.Debug|Any CPU.ActiveCfg = Debug|Any CPU
		{3C9180D0-A9DC-49B4-874D-02C1C7C5BE41}.Debug|Any CPU.Build.0 = Debug|Any CPU
		{3C9180D0-A9DC-49B4-874D-02C1C7C5BE41}.Release|Any CPU.ActiveCfg = Release|Any CPU
		{3C9180D0-A9DC-49B4-874D-02C1C7C5BE41}.Release|Any CPU.Build.0 = Release|Any CPU
		{BADCD023-96EC-4443-98C8-9AA401F2CFBF}.Debug|Any CPU.ActiveCfg = Debug|Any CPU
		{BADCD023-96EC-4443-98C8-9AA401F2CFBF}.Debug|Any CPU.Build.0 = Debug|Any CPU
		{BADCD023-96EC-4443-98C8-9AA401F2CFBF}.Release|Any CPU.ActiveCfg = Release|Any CPU
		{BADCD023-96EC-4443-98C8-9AA401F2CFBF}.Release|Any CPU.Build.0 = Release|Any CPU
		{00749FF5-2DA1-401C-B828-DB2CBFD48E06}.Debug|Any CPU.ActiveCfg = Debug|Any CPU
		{00749FF5-2DA1-401C-B828-DB2CBFD48E06}.Debug|Any CPU.Build.0 = Debug|Any CPU
		{00749FF5-2DA1-401C-B828-DB2CBFD48E06}.Release|Any CPU.ActiveCfg = Release|Any CPU
		{00749FF5-2DA1-401C-B828-DB2CBFD48E06}.Release|Any CPU.Build.0 = Release|Any CPU
	EndGlobalSection
	GlobalSection(SolutionProperties) = preSolution
		HideSolutionNode = FALSE
	EndGlobalSection
	GlobalSection(ExtensibilityGlobals) = postSolution
		SolutionGuid = {1CB60786-B61B-4141-A091-0AD8FBB4BA91}
	EndGlobalSection
EndGlobal
